
Microsoft Visual Studio Solution File, Format Version 12.00
# Visual Studio Version 16
VisualStudioVersion = 16.0.32602.290
MinimumVisualStudioVersion = 10.0.40219.1
Project("{FAE04EC0-301F-11D3-BF4B-00C04F79EFBC}") = "Tema3-Formulario", "Tema3-Formulario.csproj", "{D63E252D-8E6D-4881-9073-ED78B484BD71}"
EndProject
Global
	GlobalSection(SolutionConfigurationPlatforms) = preSolution
		Debug|Any CPU = Debug|Any CPU
		Release|Any CPU = Release|Any CPU
	EndGlobalSection
	GlobalSection(ProjectConfigurationPlatforms) = postSolution
		{D63E252D-8E6D-4881-9073-ED78B484BD71}.Debug|Any CPU.ActiveCfg = Debug|Any CPU
		{D63E252D-8E6D-4881-9073-ED78B484BD71}.Debug|Any CPU.Build.0 = Debug|Any CPU
		{D63E252D-8E6D-4881-9073-ED78B484BD71}.Release|Any CPU.ActiveCfg = Release|Any CPU
		{D63E252D-8E6D-4881-9073-ED78B484BD71}.Release|Any CPU.Build.0 = Release|Any CPU
	EndGlobalSection
	GlobalSection(SolutionProperties) = preSolution
		HideSolutionNode = FALSE
	EndGlobalSection
	GlobalSection(ExtensibilityGlobals) = postSolution
		SolutionGuid = {39D143EB-CBD1-4BD4-AC99-B5D98230ADCE}
	EndGlobalSection
EndGlobal
